{
  "nodes": {
    "caf": {
      "flake": false,
      "locked": {
        "lastModified": 1597334539,
        "narHash": "sha256-WYzyDM66w7JlNk7/zuHUyeaLcmlrBReRrCM7KeGjikI=",
        "owner": "actor-framework",
        "repo": "actor-framework",
        "rev": "347917fee3420d5fa02220af861869d1728b7fc0",
        "type": "github"
      },
      "original": {
        "owner": "actor-framework",
        "repo": "actor-framework",
        "rev": "347917fee3420d5fa02220af861869d1728b7fc0",
        "type": "github"
      }
    },
    "devshell-flake": {
      "locked": {
        "lastModified": 1617631469,
        "narHash": "sha256-kBoHeZPbDAfOCWjy+ialZYmlg2FXKaqHH7eH+15e3pk=",
        "owner": "numtide",
        "repo": "devshell",
        "rev": "5d2ad08eb7cb0cf1f73b6f6e0ccfd2508a4995d7",
        "type": "github"
      },
      "original": {
        "owner": "numtide",
        "repo": "devshell",
        "type": "github"
      }
    },
    "flake-compat": {
      "flake": false,
      "locked": {
        "lastModified": 1606424373,
        "narHash": "sha256-oq8d4//CJOrVj+EcOaSXvMebvuTkmBJuT5tzlfewUnQ=",
        "owner": "edolstra",
        "repo": "flake-compat",
        "rev": "99f1c2157fba4bfe6211a321fd0ee43199025dbf",
        "type": "github"
      },
      "original": {
        "owner": "edolstra",
        "repo": "flake-compat",
        "type": "github"
      }
    },
    "flake-compat_2": {
      "flake": false,
      "locked": {
        "lastModified": 1606424373,
        "narHash": "sha256-oq8d4//CJOrVj+EcOaSXvMebvuTkmBJuT5tzlfewUnQ=",
        "owner": "edolstra",
        "repo": "flake-compat",
        "rev": "99f1c2157fba4bfe6211a321fd0ee43199025dbf",
        "type": "github"
      },
      "original": {
        "owner": "edolstra",
        "repo": "flake-compat",
        "type": "github"
      }
    },
    "flake-utils": {
      "locked": {
        "lastModified": 1617631617,
        "narHash": "sha256-PARRCz55qN3gy07VJZIlFeOX420d0nGF0RzGI/9hVlw=",
        "owner": "numtide",
        "repo": "flake-utils",
        "rev": "b2c27d1a81b0dc266270fa8aeecebbd1807fc610",
        "type": "github"
      },
      "original": {
        "owner": "numtide",
        "repo": "flake-utils",
        "type": "github"
      }
    },
    "icsnpp-bacnet": {
      "flake": false,
      "locked": {
        "lastModified": 1611095103,
        "narHash": "sha256-LM6yZKtmr9/tdVRhkMAxVY8dEh1JeOdIZUhK2BDrZGE=",
        "ref": "master",
        "rev": "9c6e6b097b4799245af740402ced96383784e599",
        "revCount": 1,
        "type": "git",
        "url": "https://github.com/cisagov/icsnpp-bacnet"
      },
      "original": {
        "type": "git",
        "url": "https://github.com/cisagov/icsnpp-bacnet"
      }
    },
    "nixpkgs": {
      "locked": {
        "lastModified": 1615709438,
        "narHash": "sha256-hDLC1wVzcD+9dt1U9QpbP0v9bOYD9NGczsobHIEhDYw=",
        "owner": "NixOS",
        "repo": "nixpkgs",
        "rev": "3a7674c896847d18e598fa5da23d7426cb9be3d2",
        "type": "github"
      },
      "original": {
        "id": "nixpkgs",
        "rev": "3a7674c896847d18e598fa5da23d7426cb9be3d2",
        "type": "indirect"
      }
    },
    "nixpkgs-hardenedlinux": {
      "inputs": {
        "flake-compat": "flake-compat_2",
        "flake-utils": [
          "flake-utils"
        ],
        "nixpkgs": "nixpkgs_2",
        "zeek-flake": "zeek-flake"
      },
      "locked": {
        "lastModified": 1617663011,
        "narHash": "sha256-f2RU0VZoO16szDf8TVr8COkUEIohUI9pmt0Xzqurajg=",
        "owner": "hardenedlinux",
        "repo": "nixpkgs-hardenedlinux",
        "rev": "a23806f1ab957277bcfeb9bfde4799e779cfbbfa",
        "type": "github"
      },
      "original": {
        "owner": "hardenedlinux",
        "repo": "nixpkgs-hardenedlinux",
        "type": "github"
      }
    },
    "nixpkgs_2": {
      "locked": {
        "lastModified": 1610942247,
        "narHash": "sha256-PKo1ATAlC6BmfYSRmX0TVmNoFbrec+A5OKcabGEu2yU=",
        "path": "/nix/store/sdjxjsd5phr225rs2qzklj2xci0c9gr0-source",
        "rev": "7d71001b796340b219d1bfa8552c81995017544a",
        "type": "path"
      },
      "original": {
        "id": "nixpkgs",
        "type": "indirect"
      }
    },
    "nixpkgs_3": {
      "locked": {
        "lastModified": 1617259757,
        "narHash": "sha256-PFyms6aSWxlvNJJ5bPWJIzfCiLnhe6k2Cy8y3QXfek8=",
        "owner": "NixOS",
        "repo": "nixpkgs",
        "rev": "dc68bad367deb8ad1aec9632fef4381c4c8da39a",
        "type": "github"
      },
      "original": {
        "id": "nixpkgs",
        "rev": "dc68bad367deb8ad1aec9632fef4381c4c8da39a",
        "type": "indirect"
      }
    },
    "nixpkgs_4": {
      "locked": {
        "lastModified": 1612206459,
        "narHash": "sha256-xzOl+2TAskbQaIKO9AUsXS+qiDmHFj54uzUW0nRnf2o=",
        "owner": "NixOS",
        "repo": "nixpkgs",
        "rev": "449b698a0b554996ac099b4e3534514528019269",
        "type": "github"
      },
      "original": {
        "id": "nixpkgs",
        "rev": "449b698a0b554996ac099b4e3534514528019269",
        "type": "indirect"
      }
    },
    "root": {
      "inputs": {
        "devshell-flake": "devshell-flake",
        "flake-compat": "flake-compat",
        "flake-utils": "flake-utils",
        "nixpkgs": "nixpkgs",
        "nixpkgs-hardenedlinux": "nixpkgs-hardenedlinux",
        "threatbus-src": "threatbus-src",
        "vast-flake": "vast-flake"
      }
    },
    "spicy-analyzers": {
      "flake": false,
      "locked": {
        "lastModified": 1617206134,
        "narHash": "sha256-iJc+CAYW1SXU2OMAkyF4JKJzUpSQhZooBzE+npNxy4w=",
        "ref": "main",
        "rev": "26696b65574faf6282aaa5e7836fda1f43a09092",
        "revCount": 108,
        "type": "git",
        "url": "https://github.com/zeek/spicy-analyzers"
      },
      "original": {
        "ref": "main",
        "type": "git",
        "url": "https://github.com/zeek/spicy-analyzers"
      }
    },
    "threatbus-src": {
      "flake": false,
      "locked": {
        "lastModified": 1616583760,
        "narHash": "sha256-orshajixM7mcWkYhoK84pmUgzGwkZ9/Wtwtz4DM+qTA=",
        "owner": "tenzir",
        "repo": "threatbus",
        "rev": "7751e3fd9ff2fe850df4a69dc3db7c35b7bcafd5",
        "type": "github"
      },
      "original": {
        "owner": "tenzir",
        "repo": "threatbus",
        "type": "github"
      }
    },
    "vast-flake": {
      "inputs": {
        "caf": "caf",
        "flake-utils": [
          "flake-utils"
        ],
        "nixpkgs": "nixpkgs_4",
        "nixpkgs-hardenedlinux": [
          "nixpkgs-hardenedlinux"
        ],
        "zeek-vast-src": "zeek-vast-src"
      },
      "locked": {
        "lastModified": 1617496531,
        "narHash": "sha256-SOrj3s7/7b+KYWAOvi3muXCJrHwretmIkeDmHCU3Lrk=",
        "owner": "GTrunSec",
        "repo": "vast",
        "rev": "9c6701af5c8653676ed3c6de1e34b05b9f3c5cb8",
        "type": "github"
      },
      "original": {
        "owner": "GTrunSec",
        "ref": "nix-flake",
        "repo": "vast",
        "type": "github"
      }
    },
    "zeek-flake": {
      "inputs": {
        "flake-utils": [
          "flake-utils"
        ],
        "icsnpp-bacnet": "icsnpp-bacnet",
        "nixpkgs": "nixpkgs_3",
        "spicy-analyzers": "spicy-analyzers",
        "zeek-plugin-community-id": "zeek-plugin-community-id",
        "zeek-plugin-http2": "zeek-plugin-http2",
        "zeek-plugin-ikev2": "zeek-plugin-ikev2",
        "zeek-plugin-kafka": "zeek-plugin-kafka",
        "zeek-plugin-pdf": "zeek-plugin-pdf",
        "zeek-plugin-postgresql": "zeek-plugin-postgresql",
        "zeek-plugin-zip": "zeek-plugin-zip",
        "zeek-rc": "zeek-rc",
        "zeek-tls": "zeek-tls"
      },
      "locked": {
        "lastModified": 1617306708,
        "narHash": "sha256-ROXp2Dznsglp91Zs61pJbJk/kuwAJx5wZmWU8h+lrPs=",
        "owner": "hardenedlinux",
        "repo": "zeek-nix",
        "rev": "bfbf1bf858500dd424ae0ec6ac3c04e251e88448",
        "type": "github"
      },
      "original": {
        "owner": "hardenedlinux",
        "repo": "zeek-nix",
        "type": "github"
      }
    },
    "zeek-plugin-community-id": {
      "flake": false,
      "locked": {
        "lastModified": 1600967039,
        "narHash": "sha256-MV5Wa67u7WY91nh5jOCgiCk1ymvSKSyfT5nhl9EDA/w=",
        "ref": "master",
        "rev": "181a104b99d9019771ece7e489e46f2268b746d8",
        "revCount": 21,
        "type": "git",
        "url": "https://github.com/corelight/zeek-community-id/"
      },
      "original": {
        "ref": "master",
        "rev": "181a104b99d9019771ece7e489e46f2268b746d8",
        "type": "git",
        "url": "https://github.com/corelight/zeek-community-id/"
      }
    },
    "zeek-plugin-http2": {
      "flake": false,
      "locked": {
        "lastModified": 1607350298,
        "narHash": "sha256-UpNfsYfNKMb8yO8X5bdwB2wSQo9KWsjZbVqzteKYY3Q=",
        "ref": "master",
        "rev": "70008f0f40e6c942547285f8c43b9aabd1efc909",
        "revCount": 50,
        "type": "git",
        "url": "https://github.com/MITRECND/bro-http2/"
      },
      "original": {
        "type": "git",
        "url": "https://github.com/MITRECND/bro-http2/"
      }
    },
    "zeek-plugin-ikev2": {
      "flake": false,
      "locked": {
        "lastModified": 1580147366,
        "narHash": "sha256-ct1nQcbDGQ2V9lrKD/snhmF3EEkDXCbQfiJpSwOmKPI=",
        "ref": "master",
        "rev": "5b62d506573da388bb4df0446cc87cdffc12a438",
        "revCount": 1,
        "type": "git",
        "url": "https://github.com/ukncsc/zeek-plugin-ikev2"
      },
      "original": {
        "type": "git",
        "url": "https://github.com/ukncsc/zeek-plugin-ikev2"
      }
    },
    "zeek-plugin-kafka": {
      "flake": false,
      "locked": {
        "lastModified": 1614206104,
        "narHash": "sha256-rpKlIo08GOrYWPU+UcPZ7QmmQqb1udjLLRJ75Zo+v7Q=",
        "ref": "main",
        "rev": "f8b9c5fe89917641845be572119f354d06a6409f",
        "revCount": 55,
        "type": "git",
        "url": "https://github.com/SeisoLLC/zeek-kafka"
      },
      "original": {
        "ref": "main",
        "type": "git",
        "url": "https://github.com/SeisoLLC/zeek-kafka"
      }
    },
    "zeek-plugin-pdf": {
      "flake": false,
      "locked": {
        "lastModified": 1602586202,
        "narHash": "sha256-0zO7RwCJx8W8rn5ebjZUn/xLGl0M1ljCSNWSxawflLA=",
        "ref": "master",
        "rev": "3b52f87943f04685da600f4b00b4ad27f8cd28c6",
        "revCount": 18,
        "type": "git",
        "url": "https://github.com/reservoirlabs/zeek-pdf-analyzer"
      },
      "original": {
        "type": "git",
        "url": "https://github.com/reservoirlabs/zeek-pdf-analyzer"
      }
    },
    "zeek-plugin-postgresql": {
      "flake": false,
      "locked": {
        "lastModified": 1586473863,
        "narHash": "sha256-AHzzid9/JkSbgvhbql0PlFLWo9pO2VJ7RQ0tdmfv1uQ=",
        "ref": "master",
        "rev": "fb72b41140094ec8795cd7aaecbb3997c28ff202",
        "revCount": 24,
        "type": "git",
        "url": "https://github.com/0xxon/zeek-postgresql"
      },
      "original": {
        "type": "git",
        "url": "https://github.com/0xxon/zeek-postgresql"
      }
    },
    "zeek-plugin-zip": {
      "flake": false,
      "locked": {
        "lastModified": 1602585700,
        "narHash": "sha256-1JKcDOVLQh9wyipGrVtmDnVrEXoMqjxtXqPs1rQo150=",
        "ref": "master",
        "rev": "df3344f1e161da9349d5257fc9137acc09d4af55",
        "revCount": 6,
        "type": "git",
        "url": "https://github.com/reservoirlabs/zeek-zip-analyzer"
      },
      "original": {
        "type": "git",
        "url": "https://github.com/reservoirlabs/zeek-zip-analyzer"
      }
    },
    "zeek-rc": {
      "flake": false,
      "locked": {
        "narHash": "sha256-sD4BE06pNWCXFkw1V+XfvVSj0dFCvp9lAhuEVpfT1NQ=",
        "type": "tarball",
        "url": "https://download.zeek.org/zeek-4.0.0-rc2.tar.gz"
      },
      "original": {
        "type": "tarball",
        "url": "https://download.zeek.org/zeek-4.0.0-rc2.tar.gz"
      }
    },
    "zeek-tls": {
      "flake": false,
      "locked": {
        "narHash": "sha256-DfOAe+F0X+HHGX3amIvvHJsDJHJVw2nFZVjbbvEa1vI=",
        "type": "tarball",
        "url": "https://download.zeek.org/zeek-4.0.0.tar.gz"
      },
      "original": {
        "type": "tarball",
        "url": "https://download.zeek.org/zeek-4.0.0.tar.gz"
      }
    },
    "zeek-vast-src": {
      "flake": false,
      "locked": {
        "lastModified": 1617477524,
        "narHash": "sha256-AdRDAmoUCTfCsD9l+nsLLdKqMzc6inurRGOm7w8Uz2g=",
        "owner": "tenzir",
        "repo": "zeek-vast",
        "rev": "8945b6389a2e3ae20d92a0b08a53b8bb73d459c2",
        "type": "github"
      },
      "original": {
        "owner": "tenzir",
        "repo": "zeek-vast",
        "type": "github"
      }
    }
  },
  "root": "root",
  "version": 7
}
